
Microsoft Visual Studio Solution File, Format Version 12.00
# Visual Studio Version 17
VisualStudioVersion = 17.7.34031.279
MinimumVisualStudioVersion = 10.0.40219.1
Project("{9A19103F-16F7-4668-BE54-9A1E7A4F7556}") = "obiektowe", "obiektowe\obiektowe.csproj", "{56F76BCD-3658-4520-8EA6-202E6CD75D1A}"
EndProject
Project("{FAE04EC0-301F-11D3-BF4B-00C04F79EFBC}") = "zestaw 02", "zestaw 02\zestaw 02.csproj", "{DAF00887-4D21-44F5-8E2D-A64D14D69812}"
EndProject
Global
	GlobalSection(SolutionConfigurationPlatforms) = preSolution
		Debug|Any CPU = Debug|Any CPU
		Release|Any CPU = Release|Any CPU
	EndGlobalSection
	GlobalSection(ProjectConfigurationPlatforms) = postSolution
		{56F76BCD-3658-4520-8EA6-202E6CD75D1A}.Debug|Any CPU.ActiveCfg = Debug|Any CPU
		{56F76BCD-3658-4520-8EA6-202E6CD75D1A}.Debug|Any CPU.Build.0 = Debug|Any CPU
		{56F76BCD-3658-4520-8EA6-202E6CD75D1A}.Release|Any CPU.ActiveCfg = Release|Any CPU
		{56F76BCD-3658-4520-8EA6-202E6CD75D1A}.Release|Any CPU.Build.0 = Release|Any CPU
		{DAF00887-4D21-44F5-8E2D-A64D14D69812}.Debug|Any CPU.ActiveCfg = Debug|Any CPU
		{DAF00887-4D21-44F5-8E2D-A64D14D69812}.Debug|Any CPU.Build.0 = Debug|Any CPU
		{DAF00887-4D21-44F5-8E2D-A64D14D69812}.Release|Any CPU.ActiveCfg = Release|Any CPU
		{DAF00887-4D21-44F5-8E2D-A64D14D69812}.Release|Any CPU.Build.0 = Release|Any CPU
	EndGlobalSection
	GlobalSection(SolutionProperties) = preSolution
		HideSolutionNode = FALSE
	EndGlobalSection
	GlobalSection(ExtensibilityGlobals) = postSolution
		SolutionGuid = {47E0A889-6F35-485A-948E-3813869AED5C}
	EndGlobalSection
EndGlobal
